
Microsoft Visual Studio Solution File, Format Version 12.00
# Visual Studio Version 17
VisualStudioVersion = 17.0.31903.59
MinimumVisualStudioVersion = 10.0.40219.1
Project("{FAE04EC0-301F-11D3-BF4B-00C04F79EFBC}") = "ExchangeRates.Api", "ExchangeRates.Api\ExchangeRates.Api.csproj", "{242993C6-C96D-41D2-83DB-0C34D083BA9B}"
EndProject
Project("{FAE04EC0-301F-11D3-BF4B-00C04F79EFBC}") = "ExchangeRates.Application", "ExchangeRates.Application\ExchangeRates.Application.csproj", "{E04EFD9A-A0C5-434E-AEBD-8284930D315E}"
EndProject
Project("{FAE04EC0-301F-11D3-BF4B-00C04F79EFBC}") = "ExchangeRates.Infrastructure", "ExchangeRates.Infrastructure\ExchangeRates.Infrastructure.csproj", "{7251B72F-D2AA-47A0-B83F-EC510AB2D809}"
EndProject
Project("{FAE04EC0-301F-11D3-BF4B-00C04F79EFBC}") = "ExchangeRates.Tests", "ExchangeRates.Tests\ExchangeRates.Tests.csproj", "{3D0393F3-C136-494F-AB11-1E77A43C0DA5}"
EndProject
Global
	GlobalSection(SolutionConfigurationPlatforms) = preSolution
		Debug|Any CPU = Debug|Any CPU
		Debug|x64 = Debug|x64
		Debug|x86 = Debug|x86
		Release|Any CPU = Release|Any CPU
		Release|x64 = Release|x64
		Release|x86 = Release|x86
	EndGlobalSection
	GlobalSection(ProjectConfigurationPlatforms) = postSolution
		{242993C6-C96D-41D2-83DB-0C34D083BA9B}.Debug|Any CPU.ActiveCfg = Debug|Any CPU
		{242993C6-C96D-41D2-83DB-0C34D083BA9B}.Debug|Any CPU.Build.0 = Debug|Any CPU
		{242993C6-C96D-41D2-83DB-0C34D083BA9B}.Debug|x64.ActiveCfg = Debug|Any CPU
		{242993C6-C96D-41D2-83DB-0C34D083BA9B}.Debug|x64.Build.0 = Debug|Any CPU
		{242993C6-C96D-41D2-83DB-0C34D083BA9B}.Debug|x86.ActiveCfg = Debug|Any CPU
		{242993C6-C96D-41D2-83DB-0C34D083BA9B}.Debug|x86.Build.0 = Debug|Any CPU
		{242993C6-C96D-41D2-83DB-0C34D083BA9B}.Release|Any CPU.ActiveCfg = Release|Any CPU
		{242993C6-C96D-41D2-83DB-0C34D083BA9B}.Release|Any CPU.Build.0 = Release|Any CPU
		{242993C6-C96D-41D2-83DB-0C34D083BA9B}.Release|x64.ActiveCfg = Release|Any CPU
		{242993C6-C96D-41D2-83DB-0C34D083BA9B}.Release|x64.Build.0 = Release|Any CPU
		{242993C6-C96D-41D2-83DB-0C34D083BA9B}.Release|x86.ActiveCfg = Release|Any CPU
		{242993C6-C96D-41D2-83DB-0C34D083BA9B}.Release|x86.Build.0 = Release|Any CPU
		{E04EFD9A-A0C5-434E-AEBD-8284930D315E}.Debug|Any CPU.ActiveCfg = Debug|Any CPU
		{E04EFD9A-A0C5-434E-AEBD-8284930D315E}.Debug|Any CPU.Build.0 = Debug|Any CPU
		{E04EFD9A-A0C5-434E-AEBD-8284930D315E}.Debug|x64.ActiveCfg = Debug|Any CPU
		{E04EFD9A-A0C5-434E-AEBD-8284930D315E}.Debug|x64.Build.0 = Debug|Any CPU
		{E04EFD9A-A0C5-434E-AEBD-8284930D315E}.Debug|x86.ActiveCfg = Debug|Any CPU
		{E04EFD9A-A0C5-434E-AEBD-8284930D315E}.Debug|x86.Build.0 = Debug|Any CPU
		{E04EFD9A-A0C5-434E-AEBD-8284930D315E}.Release|Any CPU.ActiveCfg = Release|Any CPU
		{E04EFD9A-A0C5-434E-AEBD-8284930D315E}.Release|Any CPU.Build.0 = Release|Any CPU
		{E04EFD9A-A0C5-434E-AEBD-8284930D315E}.Release|x64.ActiveCfg = Release|Any CPU
		{E04EFD9A-A0C5-434E-AEBD-8284930D315E}.Release|x64.Build.0 = Release|Any CPU
		{E04EFD9A-A0C5-434E-AEBD-8284930D315E}.Release|x86.ActiveCfg = Release|Any CPU
		{E04EFD9A-A0C5-434E-AEBD-8284930D315E}.Release|x86.Build.0 = Release|Any CPU
		{7251B72F-D2AA-47A0-B83F-EC510AB2D809}.Debug|Any CPU.ActiveCfg = Debug|Any CPU
		{7251B72F-D2AA-47A0-B83F-EC510AB2D809}.Debug|Any CPU.Build.0 = Debug|Any CPU
		{7251B72F-D2AA-47A0-B83F-EC510AB2D809}.Debug|x64.ActiveCfg = Debug|Any CPU
		{7251B72F-D2AA-47A0-B83F-EC510AB2D809}.Debug|x64.Build.0 = Debug|Any CPU
		{7251B72F-D2AA-47A0-B83F-EC510AB2D809}.Debug|x86.ActiveCfg = Debug|Any CPU
		{7251B72F-D2AA-47A0-B83F-EC510AB2D809}.Debug|x86.Build.0 = Debug|Any CPU
		{7251B72F-D2AA-47A0-B83F-EC510AB2D809}.Release|Any CPU.ActiveCfg = Release|Any CPU
		{7251B72F-D2AA-47A0-B83F-EC510AB2D809}.Release|Any CPU.Build.0 = Release|Any CPU
		{7251B72F-D2AA-47A0-B83F-EC510AB2D809}.Release|x64.ActiveCfg = Release|Any CPU
		{7251B72F-D2AA-47A0-B83F-EC510AB2D809}.Release|x64.Build.0 = Release|Any CPU
		{7251B72F-D2AA-47A0-B83F-EC510AB2D809}.Release|x86.ActiveCfg = Release|Any CPU
		{7251B72F-D2AA-47A0-B83F-EC510AB2D809}.Release|x86.Build.0 = Release|Any CPU
		{3D0393F3-C136-494F-AB11-1E77A43C0DA5}.Debug|Any CPU.ActiveCfg = Debug|Any CPU
		{3D0393F3-C136-494F-AB11-1E77A43C0DA5}.Debug|Any CPU.Build.0 = Debug|Any CPU
		{3D0393F3-C136-494F-AB11-1E77A43C0DA5}.Debug|x64.ActiveCfg = Debug|Any CPU
		{3D0393F3-C136-494F-AB11-1E77A43C0DA5}.Debug|x64.Build.0 = Debug|Any CPU
		{3D0393F3-C136-494F-AB11-1E77A43C0DA5}.Debug|x86.ActiveCfg = Debug|Any CPU
		{3D0393F3-C136-494F-AB11-1E77A43C0DA5}.Debug|x86.Build.0 = Debug|Any CPU
		{3D0393F3-C136-494F-AB11-1E77A43C0DA5}.Release|Any CPU.ActiveCfg = Release|Any CPU
		{3D0393F3-C136-494F-AB11-1E77A43C0DA5}.Release|Any CPU.Build.0 = Release|Any CPU
		{3D0393F3-C136-494F-AB11-1E77A43C0DA5}.Release|x64.ActiveCfg = Release|Any CPU
		{3D0393F3-C136-494F-AB11-1E77A43C0DA5}.Release|x64.Build.0 = Release|Any CPU
		{3D0393F3-C136-494F-AB11-1E77A43C0DA5}.Release|x86.ActiveCfg = Release|Any CPU
		{3D0393F3-C136-494F-AB11-1E77A43C0DA5}.Release|x86.Build.0 = Release|Any CPU
	EndGlobalSection
	GlobalSection(SolutionProperties) = preSolution
		HideSolutionNode = FALSE
	EndGlobalSection
EndGlobal
